
Microsoft Visual Studio Solution File, Format Version 12.00
# Visual Studio Version 17
VisualStudioVersion = 17.0.32112.339
MinimumVisualStudioVersion = 10.0.40219.1
Project("{FAE04EC0-301F-11D3-BF4B-00C04F79EFBC}") = "StudentAPI", "StudentAPI\StudentAPI.csproj", "{0C728768-0701-4CC7-A7FC-E6D6E71080A2}"
EndProject
Project("{FAE04EC0-301F-11D3-BF4B-00C04F79EFBC}") = "ConsumeStudentAPI", "ConsumeStudentAPI\ConsumeStudentAPI.csproj", "{993D546C-7B94-42EC-88B9-A4E45629A58D}"
EndProject
Global
	GlobalSection(SolutionConfigurationPlatforms) = preSolution
		Debug|Any CPU = Debug|Any CPU
		Release|Any CPU = Release|Any CPU
	EndGlobalSection
	GlobalSection(ProjectConfigurationPlatforms) = postSolution
		{0C728768-0701-4CC7-A7FC-E6D6E71080A2}.Debug|Any CPU.ActiveCfg = Debug|Any CPU
		{0C728768-0701-4CC7-A7FC-E6D6E71080A2}.Debug|Any CPU.Build.0 = Debug|Any CPU
		{0C728768-0701-4CC7-A7FC-E6D6E71080A2}.Release|Any CPU.ActiveCfg = Release|Any CPU
		{0C728768-0701-4CC7-A7FC-E6D6E71080A2}.Release|Any CPU.Build.0 = Release|Any CPU
		{993D546C-7B94-42EC-88B9-A4E45629A58D}.Debug|Any CPU.ActiveCfg = Debug|Any CPU
		{993D546C-7B94-42EC-88B9-A4E45629A58D}.Debug|Any CPU.Build.0 = Debug|Any CPU
		{993D546C-7B94-42EC-88B9-A4E45629A58D}.Release|Any CPU.ActiveCfg = Release|Any CPU
		{993D546C-7B94-42EC-88B9-A4E45629A58D}.Release|Any CPU.Build.0 = Release|Any CPU
	EndGlobalSection
	GlobalSection(SolutionProperties) = preSolution
		HideSolutionNode = FALSE
	EndGlobalSection
	GlobalSection(ExtensibilityGlobals) = postSolution
		SolutionGuid = {AEC49745-5F3C-4296-A133-A019108F5376}
	EndGlobalSection
EndGlobal
